
Microsoft Visual Studio Solution File, Format Version 12.00
# Visual Studio 14
VisualStudioVersion = 14.0.25420.1
MinimumVisualStudioVersion = 10.0.40219.1
Project("{FAE04EC0-301F-11D3-BF4B-00C04F79EFBC}") = "DemoWinFormApp", "DemoWinFormApp\DemoWinFormApp.csproj", "{D73E7565-A9E1-451C-88A1-6C67C19D59AB}"
EndProject
Global
	GlobalSection(SolutionConfigurationPlatforms) = preSolution
		Debug|Any CPU = Debug|Any CPU
		Release|Any CPU = Release|Any CPU
	EndGlobalSection
	GlobalSection(ProjectConfigurationPlatforms) = postSolution
		{D73E7565-A9E1-451C-88A1-6C67C19D59AB}.Debug|Any CPU.ActiveCfg = Debug|Any CPU
		{D73E7565-A9E1-451C-88A1-6C67C19D59AB}.Debug|Any CPU.Build.0 = Debug|Any CPU
		{D73E7565-A9E1-451C-88A1-6C67C19D59AB}.Release|Any CPU.ActiveCfg = Release|Any CPU
		{D73E7565-A9E1-451C-88A1-6C67C19D59AB}.Release|Any CPU.Build.0 = Release|Any CPU
	EndGlobalSection
	GlobalSection(SolutionProperties) = preSolution
		HideSolutionNode = FALSE
	EndGlobalSection
EndGlobal
